PODS:
  - AFCurvedArrowView (1.0.1)
  - Alamofire (4.9.1)
  - Alamofire-SwiftyJSON (3.0.0):
    - Alamofire (~> 4.5)
    - SwiftyJSON (~> 4.0.0)
  - CollectionViewCenteredFlowLayout (1.0.1)
  - DeviceKit (4.6.1)
  - FetchedResultsControllerCollectionViewUpdater (0.1.0)
  - Haptico (1.1.1)
  - Keys (1.0.1)
  - KumpeHelpers (4.0):
    - Alamofire-SwiftyJSON
    - CollectionViewCenteredFlowLayout
    - DeviceKit
    - FetchedResultsControllerCollectionViewUpdater
    - Haptico
    - ReachabilitySwift
    - SwiftMessages
    - Sync
  - NewRelicAgent (7.3.7)
  - PBTutorialManager (1.1.0):
    - AFCurvedArrowView
  - ReachabilitySwift (5.0.0)
  - SwiftMessages (9.0.6):
    - SwiftMessages/App (= 9.0.6)
  - SwiftMessages/App (9.0.6)
  - SwiftyJSON (4.0.0)
  - Sync (6.5.0)

DEPENDENCIES:
  - Keys (from `Pods/CocoaPodsKeys`)
  - KumpeHelpers
  - NewRelicAgent
  - PBTutorialManager

SPEC REPOS:
  https://github.com/CocoaPods/Specs.git:
    - AFCurvedArrowView
    - Alamofire
    - Alamofire-SwiftyJSON
    - CollectionViewCenteredFlowLayout
    - DeviceKit
    - FetchedResultsControllerCollectionViewUpdater
    - Haptico
    - KumpeHelpers
    - NewRelicAgent
    - PBTutorialManager
    - ReachabilitySwift
    - SwiftMessages
    - SwiftyJSON
    - Sync

EXTERNAL SOURCES:
  Keys:
    :path: Pods/CocoaPodsKeys

SPEC CHECKSUMS:
  AFCurvedArrowView: 5fa8fcc1f77f5428ab34d7a1c6696b88c3c20f40
  Alamofire: 85e8a02c69d6020a0d734f6054870d7ecb75cf18
  Alamofire-SwiftyJSON: 2b3649d57dc7bb2880fb8b86f8bb969397666916
  CollectionViewCenteredFlowLayout: 339b935be4d8578c59e448c8906117a07c657d85
  DeviceKit: 316f28290430467278b8a0d1c895968efa9e16e2
  FetchedResultsControllerCollectionViewUpdater: 10e88db1403d8d6e17a5d323efe1d1fd31dd0e1c
  Haptico: 3ab938425737e2b90939d41e1b23538cdbe1cf44
  Keys: a576f4c9c1c641ca913a959a9c62ed3f215a8de9
  KumpeHelpers: 04594e568e664c0d34eaff80b02a927c1f3da751
  NewRelicAgent: 13afbb9545e287293cf7514d344be4ebc9413c6e
  PBTutorialManager: 7c2383247c0b0da71cf14438c0a2a737bca51a42
  ReachabilitySwift: 985039c6f7b23a1da463388634119492ff86c825
  SwiftMessages: f0c7ef4705a570ad6c5e208b611f4333e660ed92
  SwiftyJSON: 070dabdcb1beb81b247c65ffa3a79dbbfb3b48aa
  Sync: 86bb8aa0ea2f955ea5ac97b7b73129f86591c39e

PODFILE CHECKSUM: 390935b86648e4ea7550d6e453fadd3fc22e040d

COCOAPODS: 1.11.3
