PODS:
  - AFCurvedArrowView (1.0.1)
  - Alamofire (4.9.1)
  - Alamofire-SwiftyJSON (3.0.0):
    - Alamofire (~> 4.5)
    - SwiftyJSON (~> 4.0.0)
  - BadgeSwift (8.0.0)
  - CollectionViewCenteredFlowLayout (1.0.1)
  - DeviceKit (4.6.1)
  - FetchedResultsControllerCollectionViewUpdater (0.1.0)
  - Google-Mobile-Ads-SDK (9.9.0):
    - GoogleAppMeasurement (< 10.0, >= 7.0)
    - GoogleUserMessagingPlatform (>= 1.1)
  - GoogleAppMeasurement (9.5.0):
    - GoogleAppMeasurement/AdIdSupport (= 9.5.0)
    - GoogleUtilities/AppDelegateSwizzler (~> 7.7)
    - GoogleUtilities/MethodSwizzler (~> 7.7)
    - GoogleUtilities/Network (~> 7.7)
    - "GoogleUtilities/NSData+zlib (~> 7.7)"
    - nanopb (< 2.30910.0, >= 2.30908.0)
  - GoogleAppMeasurement/AdIdSupport (9.5.0):
    - GoogleAppMeasurement/WithoutAdIdSupport (= 9.5.0)
    - GoogleUtilities/AppDelegateSwizzler (~> 7.7)
    - GoogleUtilities/MethodSwizzler (~> 7.7)
    - GoogleUtilities/Network (~> 7.7)
    - "GoogleUtilities/NSData+zlib (~> 7.7)"
    - nanopb (< 2.30910.0, >= 2.30908.0)
  - GoogleAppMeasurement/WithoutAdIdSupport (9.5.0):
    - GoogleUtilities/AppDelegateSwizzler (~> 7.7)
    - GoogleUtilities/MethodSwizzler (~> 7.7)
    - GoogleUtilities/Network (~> 7.7)
    - "GoogleUtilities/NSData+zlib (~> 7.7)"
    - nanopb (< 2.30910.0, >= 2.30908.0)
  - GoogleUserMessagingPlatform (2.0.0)
  - GoogleUtilities/AppDelegateSwizzler (7.7.0):
    - GoogleUtilities/Environment
    - GoogleUtilities/Logger
    - GoogleUtilities/Network
  - GoogleUtilities/Environment (7.7.0):
    - PromisesObjC (< 3.0, >= 1.2)
  - GoogleUtilities/Logger (7.7.0):
    - GoogleUtilities/Environment
  - GoogleUtilities/MethodSwizzler (7.7.0):
    - GoogleUtilities/Logger
  - GoogleUtilities/Network (7.7.0):
    - GoogleUtilities/Logger
    - "GoogleUtilities/NSData+zlib"
    - GoogleUtilities/Reachability
  - "GoogleUtilities/NSData+zlib (7.7.0)"
  - GoogleUtilities/Reachability (7.7.0):
    - GoogleUtilities/Logger
  - Haptico (1.1.1)
  - Keys (1.0.1)
  - Kingfisher (7.3.2)
  - KumpeHelpers (4.3.5):
    - Alamofire-SwiftyJSON
    - BadgeSwift
    - CollectionViewCenteredFlowLayout
    - DeviceKit
    - FetchedResultsControllerCollectionViewUpdater
    - Haptico
    - Kingfisher
    - ReachabilitySwift
    - SwiftMessages
    - Sync
  - ModulesVC (1.0.2):
    - BadgeSwift
    - CollectionViewCenteredFlowLayout
    - DeviceKit
    - FetchedResultsControllerCollectionViewUpdater
    - Haptico
    - Kingfisher
    - SwiftMessages
  - nanopb (2.30909.0):
    - nanopb/decode (= 2.30909.0)
    - nanopb/encode (= 2.30909.0)
  - nanopb/decode (2.30909.0)
  - nanopb/encode (2.30909.0)
  - NewRelicAgent (7.3.8)
  - PBTutorialManager (1.1.0):
    - AFCurvedArrowView
  - PromisesObjC (2.1.1)
  - ReachabilitySwift (5.0.0)
  - SwiftMessages (9.0.6):
    - SwiftMessages/App (= 9.0.6)
  - SwiftMessages/App (9.0.6)
  - SwiftyJSON (4.0.0)
  - Sync (6.5.0)
  - WhatsNew (0.4.6)

DEPENDENCIES:
  - BadgeSwift
  - Google-Mobile-Ads-SDK
  - Keys (from `Pods/CocoaPodsKeys`)
  - Kingfisher
  - KumpeHelpers
  - ModulesVC
  - NewRelicAgent
  - PBTutorialManager
  - WhatsNew

SPEC REPOS:
  https://github.com/CocoaPods/Specs.git:
    - AFCurvedArrowView
    - Alamofire
    - Alamofire-SwiftyJSON
    - BadgeSwift
    - CollectionViewCenteredFlowLayout
    - DeviceKit
    - FetchedResultsControllerCollectionViewUpdater
    - Google-Mobile-Ads-SDK
    - GoogleAppMeasurement
    - GoogleUserMessagingPlatform
    - GoogleUtilities
    - Haptico
    - Kingfisher
    - KumpeHelpers
    - ModulesVC
    - nanopb
    - NewRelicAgent
    - PBTutorialManager
    - PromisesObjC
    - ReachabilitySwift
    - SwiftMessages
    - SwiftyJSON
    - Sync
    - WhatsNew

EXTERNAL SOURCES:
  Keys:
    :path: Pods/CocoaPodsKeys

SPEC CHECKSUMS:
  AFCurvedArrowView: 5fa8fcc1f77f5428ab34d7a1c6696b88c3c20f40
  Alamofire: 85e8a02c69d6020a0d734f6054870d7ecb75cf18
  Alamofire-SwiftyJSON: 2b3649d57dc7bb2880fb8b86f8bb969397666916
  BadgeSwift: a81547ffde1f462bb5fc02e3fa3fdcbc1b888354
  CollectionViewCenteredFlowLayout: 339b935be4d8578c59e448c8906117a07c657d85
  DeviceKit: 316f28290430467278b8a0d1c895968efa9e16e2
  FetchedResultsControllerCollectionViewUpdater: 10e88db1403d8d6e17a5d323efe1d1fd31dd0e1c
  Google-Mobile-Ads-SDK: 8822993da940ab920bad131b5bffce7eb3f62c6a
  GoogleAppMeasurement: 6ee231473fbd75c11221dfce489894334024eead
  GoogleUserMessagingPlatform: ab890ce5f6620f293a21b6bdd82e416a2c73aeca
  GoogleUtilities: e0913149f6b0625b553d70dae12b49fc62914fd1
  Haptico: 3ab938425737e2b90939d41e1b23538cdbe1cf44
  Keys: a576f4c9c1c641ca913a959a9c62ed3f215a8de9
  Kingfisher: 0086ad83719761ba9b2cdaf6ef4d5b4878cbae23
  KumpeHelpers: 9736ffa87349f76648093851e74e6669936ef46a
  ModulesVC: d14cdad85f77e3807c8d5378316c60590c8795df
  nanopb: b552cce312b6c8484180ef47159bc0f65a1f0431
  NewRelicAgent: 89724f6460b8be82e41ce04724444aed9b15d486
  PBTutorialManager: 7c2383247c0b0da71cf14438c0a2a737bca51a42
  PromisesObjC: ab77feca74fa2823e7af4249b8326368e61014cb
  ReachabilitySwift: 985039c6f7b23a1da463388634119492ff86c825
  SwiftMessages: f0c7ef4705a570ad6c5e208b611f4333e660ed92
  SwiftyJSON: 070dabdcb1beb81b247c65ffa3a79dbbfb3b48aa
  Sync: 86bb8aa0ea2f955ea5ac97b7b73129f86591c39e
  WhatsNew: d66a52b294e90d5bc133877e270ea7ce0b945003

PODFILE CHECKSUM: ec5b2b1040b26b5be29cf5acc1e68040de5c5705

COCOAPODS: 1.11.3
