// !$*UTF8*$!
{
	archiveVersion = 1;
	classes = {
	};
	objectVersion = 55;
	objects = {

/* Begin PBXBuildFile section */
		0EECF209B442CE884176FB58 /* Pods_UVT.framework in Frameworks */ = {isa = PBXBuildFile; fileRef = E8E8A4042E4CDE83EE07C2E8 /* Pods_UVT.framework */; };
		0F19CA372899FD9E00D48752 /* CopperPair.swift in Sources */ = {isa = PBXBuildFile; fileRef = 0F19CA362899FD9E00D48752 /* CopperPair.swift */; };
		0F23A62A28AF227E00011550 /* UVTTests.swift in Sources */ = {isa = PBXBuildFile; fileRef = 0F23A62928AF227E00011550 /* UVTTests.swift */; };
		0F2C52FB2894A87C00B37052 /* StaticIPViewController+Main.swift in Sources */ = {isa = PBXBuildFile; fileRef = 0F2C52FA2894A87C00B37052 /* StaticIPViewController+Main.swift */; };
		0F2C52FD2894B87400B37052 /* StaticIPViewController+IPInfo.swift in Sources */ = {isa = PBXBuildFile; fileRef = 0F2C52FC2894B87400B37052 /* StaticIPViewController+IPInfo.swift */; };
		0F2C52FF2894C40D00B37052 /* StaticIPViewController+Ins.swift in Sources */ = {isa = PBXBuildFile; fileRef = 0F2C52FE2894C40D00B37052 /* StaticIPViewController+Ins.swift */; };
		0F7E3B20289700700059DCBE /* SnapshotHelper.swift in Sources */ = {isa = PBXBuildFile; fileRef = 0F7E3B1F289700700059DCBE /* SnapshotHelper.swift */; };
		0F7E3B22289700CB0059DCBE /* UVTTakeScreenshots.swift in Sources */ = {isa = PBXBuildFile; fileRef = 0F7E3B21289700CB0059DCBE /* UVTTakeScreenshots.swift */; };
		0F80E6F228B426D10026783F /* CopperPairCalcViewController.swift in Sources */ = {isa = PBXBuildFile; fileRef = 0F80E6F128B426D10026783F /* CopperPairCalcViewController.swift */; };
		0FC6AD4C288E0C4D00A49730 /* AppDelegate.swift in Sources */ = {isa = PBXBuildFile; fileRef = 0FC6AD4B288E0C4D00A49730 /* AppDelegate.swift */; };
		0FC6AD4E288E0C4D00A49730 /* SceneDelegate.swift in Sources */ = {isa = PBXBuildFile; fileRef = 0FC6AD4D288E0C4D00A49730 /* SceneDelegate.swift */; };
		0FC6AD50288E0C4D00A49730 /* HomeViewController.swift in Sources */ = {isa = PBXBuildFile; fileRef = 0FC6AD4F288E0C4D00A49730 /* HomeViewController.swift */; };
		0FC6AD53288E0C4D00A49730 /* Main.storyboard in Resources */ = {isa = PBXBuildFile; fileRef = 0FC6AD51288E0C4D00A49730 /* Main.storyboard */; };
		0FC6AD55288E0C5000A49730 /* Assets.xcassets in Resources */ = {isa = PBXBuildFile; fileRef = 0FC6AD54288E0C5000A49730 /* Assets.xcassets */; };
		0FC6AD58288E0C5000A49730 /* LaunchScreen.storyboard in Resources */ = {isa = PBXBuildFile; fileRef = 0FC6AD56288E0C5000A49730 /* LaunchScreen.storyboard */; };
		0FC6AD6D288E0C5000A49730 /* UVTUITests.swift in Sources */ = {isa = PBXBuildFile; fileRef = 0FC6AD6C288E0C5000A49730 /* UVTUITests.swift */; };
		0FC6AD6F288E0C5000A49730 /* UVTUITestsLaunchTests.swift in Sources */ = {isa = PBXBuildFile; fileRef = 0FC6AD6E288E0C5000A49730 /* UVTUITestsLaunchTests.swift */; };
		0FE22AEC28935BC800C4D867 /* StaticIPViewController.swift in Sources */ = {isa = PBXBuildFile; fileRef = 0FE22AEB28935BC800C4D867 /* StaticIPViewController.swift */; };
		0FED6AF9289201E0004F8630 /* Icons8.swift in Sources */ = {isa = PBXBuildFile; fileRef = 0FED6AF8289201E0004F8630 /* Icons8.swift */; };
		0FED6AFB289208DF004F8630 /* ImageViewController.swift in Sources */ = {isa = PBXBuildFile; fileRef = 0FED6AFA289208DF004F8630 /* ImageViewController.swift */; };
		0FED6AFD289217EB004F8630 /* IPAddress.swift in Sources */ = {isa = PBXBuildFile; fileRef = 0FED6AFC289217EB004F8630 /* IPAddress.swift */; };
		0FED6AFF2892185F004F8630 /* IPInfo.swift in Sources */ = {isa = PBXBuildFile; fileRef = 0FED6AFE2892185F004F8630 /* IPInfo.swift */; };
/* End PBXBuildFile section */

/* Begin PBXContainerItemProxy section */
		0F23A62428AF216500011550 /* PBXContainerItemProxy */ = {
			isa = PBXContainerItemProxy;
			containerPortal = 0FC6AD40288E0C4D00A49730 /* Project object */;
			proxyType = 1;
			remoteGlobalIDString = 0FC6AD47288E0C4D00A49730;
			remoteInfo = UVT;
		};
		0FC6AD69288E0C5000A49730 /* PBXContainerItemProxy */ = {
			isa = PBXContainerItemProxy;
			containerPortal = 0FC6AD40288E0C4D00A49730 /* Project object */;
			proxyType = 1;
			remoteGlobalIDString = 0FC6AD47288E0C4D00A49730;
			remoteInfo = UVT;
		};
/* End PBXContainerItemProxy section */

/* Begin PBXFileReference section */
		0F19CA362899FD9E00D48752 /* CopperPair.swift */ = {isa = PBXFileReference; lastKnownFileType = sourcecode.swift; path = CopperPair.swift; sourceTree = "<group>"; };
		0F23A62028AF216500011550 /* UVTTests.xctest */ = {isa = PBXFileReference; explicitFileType = wrapper.cfbundle; includeInIndex = 0; path = UVTTests.xctest; sourceTree = BUILT_PRODUCTS_DIR; };
		0F23A62928AF227E00011550 /* UVTTests.swift */ = {isa = PBXFileReference; fileEncoding = 4; lastKnownFileType = sourcecode.swift; path = UVTTests.swift; sourceTree = "<group>"; };
		0F2C52FA2894A87C00B37052 /* StaticIPViewController+Main.swift */ = {isa = PBXFileReference; lastKnownFileType = sourcecode.swift; path = "StaticIPViewController+Main.swift"; sourceTree = "<group>"; };
		0F2C52FC2894B87400B37052 /* StaticIPViewController+IPInfo.swift */ = {isa = PBXFileReference; lastKnownFileType = sourcecode.swift; path = "StaticIPViewController+IPInfo.swift"; sourceTree = "<group>"; };
		0F2C52FE2894C40D00B37052 /* StaticIPViewController+Ins.swift */ = {isa = PBXFileReference; lastKnownFileType = sourcecode.swift; path = "StaticIPViewController+Ins.swift"; sourceTree = "<group>"; };
		0F7E3B1F289700700059DCBE /* SnapshotHelper.swift */ = {isa = PBXFileReference; lastKnownFileType = sourcecode.swift; path = SnapshotHelper.swift; sourceTree = "<group>"; };
		0F7E3B21289700CB0059DCBE /* UVTTakeScreenshots.swift */ = {isa = PBXFileReference; lastKnownFileType = sourcecode.swift; path = UVTTakeScreenshots.swift; sourceTree = "<group>"; };
		0F80E6F128B426D10026783F /* CopperPairCalcViewController.swift */ = {isa = PBXFileReference; lastKnownFileType = sourcecode.swift; path = CopperPairCalcViewController.swift; sourceTree = "<group>"; };
		0FC6AD48288E0C4D00A49730 /* UVT.app */ = {isa = PBXFileReference; explicitFileType = wrapper.application; includeInIndex = 0; path = UVT.app; sourceTree = BUILT_PRODUCTS_DIR; };
		0FC6AD4B288E0C4D00A49730 /* AppDelegate.swift */ = {isa = PBXFileReference; lastKnownFileType = sourcecode.swift; path = AppDelegate.swift; sourceTree = "<group>"; };
		0FC6AD4D288E0C4D00A49730 /* SceneDelegate.swift */ = {isa = PBXFileReference; lastKnownFileType = sourcecode.swift; path = SceneDelegate.swift; sourceTree = "<group>"; };
		0FC6AD4F288E0C4D00A49730 /* HomeViewController.swift */ = {isa = PBXFileReference; lastKnownFileType = sourcecode.swift; path = HomeViewController.swift; sourceTree = "<group>"; };
		0FC6AD52288E0C4D00A49730 /* Base */ = {isa = PBXFileReference; lastKnownFileType = file.storyboard; name = Base; path = Base.lproj/Main.storyboard; sourceTree = "<group>"; };
		0FC6AD54288E0C5000A49730 /* Assets.xcassets */ = {isa = PBXFileReference; lastKnownFileType = folder.assetcatalog; path = Assets.xcassets; sourceTree = "<group>"; };
		0FC6AD57288E0C5000A49730 /* Base */ = {isa = PBXFileReference; lastKnownFileType = file.storyboard; name = Base; path = Base.lproj/LaunchScreen.storyboard; sourceTree = "<group>"; };
		0FC6AD59288E0C5000A49730 /* Info.plist */ = {isa = PBXFileReference; lastKnownFileType = text.plist.xml; path = Info.plist; sourceTree = "<group>"; };
		0FC6AD68288E0C5000A49730 /* UVTUITests.xctest */ = {isa = PBXFileReference; explicitFileType = wrapper.cfbundle; includeInIndex = 0; path = UVTUITests.xctest; sourceTree = BUILT_PRODUCTS_DIR; };
		0FC6AD6C288E0C5000A49730 /* UVTUITests.swift */ = {isa = PBXFileReference; lastKnownFileType = sourcecode.swift; path = UVTUITests.swift; sourceTree = "<group>"; };
		0FC6AD6E288E0C5000A49730 /* UVTUITestsLaunchTests.swift */ = {isa = PBXFileReference; lastKnownFileType = sourcecode.swift; path = UVTUITestsLaunchTests.swift; sourceTree = "<group>"; };
		0FE22AEB28935BC800C4D867 /* StaticIPViewController.swift */ = {isa = PBXFileReference; lastKnownFileType = sourcecode.swift; path = StaticIPViewController.swift; sourceTree = "<group>"; };
		0FED6AF8289201E0004F8630 /* Icons8.swift */ = {isa = PBXFileReference; lastKnownFileType = sourcecode.swift; path = Icons8.swift; sourceTree = "<group>"; };
		0FED6AFA289208DF004F8630 /* ImageViewController.swift */ = {isa = PBXFileReference; lastKnownFileType = sourcecode.swift; path = ImageViewController.swift; sourceTree = "<group>"; };
		0FED6AFC289217EB004F8630 /* IPAddress.swift */ = {isa = PBXFileReference; lastKnownFileType = sourcecode.swift; path = IPAddress.swift; sourceTree = "<group>"; };
		0FED6AFE2892185F004F8630 /* IPInfo.swift */ = {isa = PBXFileReference; lastKnownFileType = sourcecode.swift; path = IPInfo.swift; sourceTree = "<group>"; };
		31EB0896EC61036499EBAF69 /* Pods-UVT-UVTTests.release.xcconfig */ = {isa = PBXFileReference; includeInIndex = 1; lastKnownFileType = text.xcconfig; name = "Pods-UVT-UVTTests.release.xcconfig"; path = "Target Support Files/Pods-UVT-UVTTests/Pods-UVT-UVTTests.release.xcconfig"; sourceTree = "<group>"; };
		6C7E705F62D878BB972FB142 /* Pods-UVT.release.xcconfig */ = {isa = PBXFileReference; includeInIndex = 1; lastKnownFileType = text.xcconfig; name = "Pods-UVT.release.xcconfig"; path = "Target Support Files/Pods-UVT/Pods-UVT.release.xcconfig"; sourceTree = "<group>"; };
		A6B78EC6DFAE389EF3B2E71F /* Pods-UVT-UVTTests.debug.xcconfig */ = {isa = PBXFileReference; includeInIndex = 1; lastKnownFileType = text.xcconfig; name = "Pods-UVT-UVTTests.debug.xcconfig"; path = "Target Support Files/Pods-UVT-UVTTests/Pods-UVT-UVTTests.debug.xcconfig"; sourceTree = "<group>"; };
		DB5D0F9433A1BBE1E0E82512 /* Pods-UVT.debug.xcconfig */ = {isa = PBXFileReference; includeInIndex = 1; lastKnownFileType = text.xcconfig; name = "Pods-UVT.debug.xcconfig"; path = "Target Support Files/Pods-UVT/Pods-UVT.debug.xcconfig"; sourceTree = "<group>"; };
		E8E8A4042E4CDE83EE07C2E8 /* Pods_UVT.framework */ = {isa = PBXFileReference; explicitFileType = wrapper.framework; includeInIndex = 0; path = Pods_UVT.framework; sourceTree = BUILT_PRODUCTS_DIR; };
/* End PBXFileReference section */

/* Begin PBXFrameworksBuildPhase section */
		0F23A61D28AF216500011550 /* Frameworks */ = {
			isa = PBXFrameworksBuildPhase;
			buildActionMask = 2147483647;
			files = (
			);
			runOnlyForDeploymentPostprocessing = 0;
		};
		0FC6AD45288E0C4D00A49730 /* Frameworks */ = {
			isa = PBXFrameworksBuildPhase;
			buildActionMask = 2147483647;
			files = (
				0EECF209B442CE884176FB58 /* Pods_UVT.framework in Frameworks */,
			);
			runOnlyForDeploymentPostprocessing = 0;
		};
		0FC6AD65288E0C5000A49730 /* Frameworks */ = {
			isa = PBXFrameworksBuildPhase;
			buildActionMask = 2147483647;
			files = (
			);
			runOnlyForDeploymentPostprocessing = 0;
		};
/* End PBXFrameworksBuildPhase section */

/* Begin PBXGroup section */
		0F19CA322899F42C00D48752 /* Static IP Ins */ = {
			isa = PBXGroup;
			children = (
				0FED6AFC289217EB004F8630 /* IPAddress.swift */,
				0FED6AFE2892185F004F8630 /* IPInfo.swift */,
			);
			path = "Static IP Ins";
			sourceTree = "<group>";
		};
		0F23A62128AF216500011550 /* UVTTests */ = {
			isa = PBXGroup;
			children = (
				0F23A62928AF227E00011550 /* UVTTests.swift */,
			);
			path = UVTTests;
			sourceTree = "<group>";
		};
		0FC6AD3F288E0C4D00A49730 = {
			isa = PBXGroup;
			children = (
				0FC6AD4A288E0C4D00A49730 /* UVT */,
				0FC6AD6B288E0C5000A49730 /* UVTUITests */,
				0F23A62128AF216500011550 /* UVTTests */,
				0FC6AD49288E0C4D00A49730 /* Products */,
				49AB477ED0F3311C60C5528F /* Pods */,
				514003FE92B35E033EC6E821 /* Frameworks */,
			);
			sourceTree = "<group>";
		};
		0FC6AD49288E0C4D00A49730 /* Products */ = {
			isa = PBXGroup;
			children = (
				0FC6AD48288E0C4D00A49730 /* UVT.app */,
				0FC6AD68288E0C5000A49730 /* UVTUITests.xctest */,
				0F23A62028AF216500011550 /* UVTTests.xctest */,
			);
			name = Products;
			sourceTree = "<group>";
		};
		0FC6AD4A288E0C4D00A49730 /* UVT */ = {
			isa = PBXGroup;
			children = (
				0FC6AD80288E2C8000A49730 /* Controllers */,
				0FC6AD7F288E2C7B00A49730 /* Views */,
				0FC6AD7E288E2C7100A49730 /* Models */,
				0FC6AD54288E0C5000A49730 /* Assets.xcassets */,
				0FC6AD59288E0C5000A49730 /* Info.plist */,
			);
			path = UVT;
			sourceTree = "<group>";
		};
		0FC6AD6B288E0C5000A49730 /* UVTUITests */ = {
			isa = PBXGroup;
			children = (
				0FC6AD6C288E0C5000A49730 /* UVTUITests.swift */,
				0FC6AD6E288E0C5000A49730 /* UVTUITestsLaunchTests.swift */,
				0F7E3B1F289700700059DCBE /* SnapshotHelper.swift */,
				0F7E3B21289700CB0059DCBE /* UVTTakeScreenshots.swift */,
			);
			path = UVTUITests;
			sourceTree = "<group>";
		};
		0FC6AD7E288E2C7100A49730 /* Models */ = {
			isa = PBXGroup;
			children = (
				0FED6AF7289201BB004F8630 /* Structs and Enums */,
				0F19CA362899FD9E00D48752 /* CopperPair.swift */,
			);
			path = Models;
			sourceTree = "<group>";
		};
		0FC6AD7F288E2C7B00A49730 /* Views */ = {
			isa = PBXGroup;
			children = (
				0FC6AD51288E0C4D00A49730 /* Main.storyboard */,
				0FC6AD56288E0C5000A49730 /* LaunchScreen.storyboard */,
			);
			path = Views;
			sourceTree = "<group>";
		};
		0FC6AD80288E2C8000A49730 /* Controllers */ = {
			isa = PBXGroup;
			children = (
				0FC6AD4B288E0C4D00A49730 /* AppDelegate.swift */,
				0FC6AD4D288E0C4D00A49730 /* SceneDelegate.swift */,
				0FC6AD4F288E0C4D00A49730 /* HomeViewController.swift */,
				0FED6AFA289208DF004F8630 /* ImageViewController.swift */,
				0FE22AEB28935BC800C4D867 /* StaticIPViewController.swift */,
				0F2C52FA2894A87C00B37052 /* StaticIPViewController+Main.swift */,
				0F2C52FC2894B87400B37052 /* StaticIPViewController+IPInfo.swift */,
				0F2C52FE2894C40D00B37052 /* StaticIPViewController+Ins.swift */,
				0F80E6F128B426D10026783F /* CopperPairCalcViewController.swift */,
			);
			path = Controllers;
			sourceTree = "<group>";
		};
		0FED6AF7289201BB004F8630 /* Structs and Enums */ = {
			isa = PBXGroup;
			children = (
				0F19CA322899F42C00D48752 /* Static IP Ins */,
				0FED6AF8289201E0004F8630 /* Icons8.swift */,
			);
			path = "Structs and Enums";
			sourceTree = "<group>";
		};
		49AB477ED0F3311C60C5528F /* Pods */ = {
			isa = PBXGroup;
			children = (
				DB5D0F9433A1BBE1E0E82512 /* Pods-UVT.debug.xcconfig */,
				6C7E705F62D878BB972FB142 /* Pods-UVT.release.xcconfig */,
				A6B78EC6DFAE389EF3B2E71F /* Pods-UVT-UVTTests.debug.xcconfig */,
				31EB0896EC61036499EBAF69 /* Pods-UVT-UVTTests.release.xcconfig */,
			);
			path = Pods;
			sourceTree = "<group>";
		};
		514003FE92B35E033EC6E821 /* Frameworks */ = {
			isa = PBXGroup;
			children = (
				E8E8A4042E4CDE83EE07C2E8 /* Pods_UVT.framework */,
			);
			name = Frameworks;
			sourceTree = "<group>";
		};
/* End PBXGroup section */

/* Begin PBXNativeTarget section */
		0F23A61F28AF216500011550 /* UVTTests */ = {
			isa = PBXNativeTarget;
			buildConfigurationList = 0F23A62628AF216500011550 /* Build configuration list for PBXNativeTarget "UVTTests" */;
			buildPhases = (
				0F23A61C28AF216500011550 /* Sources */,
				0F23A61D28AF216500011550 /* Frameworks */,
				0F23A61E28AF216500011550 /* Resources */,
			);
			buildRules = (
			);
			dependencies = (
				0F23A62528AF216500011550 /* PBXTargetDependency */,
			);
			name = UVTTests;
			productName = UVTTests;
			productReference = 0F23A62028AF216500011550 /* UVTTests.xctest */;
			productType = "com.apple.product-type.bundle.unit-test";
		};
		0FC6AD47288E0C4D00A49730 /* UVT */ = {
			isa = PBXNativeTarget;
			buildConfigurationList = 0FC6AD72288E0C5000A49730 /* Build configuration list for PBXNativeTarget "UVT" */;
			buildPhases = (
				3C48FB6A0D5196998F1C95BF /* [CP] Check Pods Manifest.lock */,
				0FC6AD44288E0C4D00A49730 /* Sources */,
				0FC6AD45288E0C4D00A49730 /* Frameworks */,
				0FC6AD46288E0C4D00A49730 /* Resources */,
				570C8188FF1C7FFB82F4F0F1 /* [CP] Embed Pods Frameworks */,
				0FC6AD7B288E0E6E00A49730 /* ShellScript */,
			);
			buildRules = (
			);
			dependencies = (
			);
			name = UVT;
			productName = UVT;
			productReference = 0FC6AD48288E0C4D00A49730 /* UVT.app */;
			productType = "com.apple.product-type.application";
		};
		0FC6AD67288E0C5000A49730 /* UVTUITests */ = {
			isa = PBXNativeTarget;
			buildConfigurationList = 0FC6AD78288E0C5000A49730 /* Build configuration list for PBXNativeTarget "UVTUITests" */;
			buildPhases = (
				0FC6AD64288E0C5000A49730 /* Sources */,
				0FC6AD65288E0C5000A49730 /* Frameworks */,
				0FC6AD66288E0C5000A49730 /* Resources */,
			);
			buildRules = (
			);
			dependencies = (
				0FC6AD6A288E0C5000A49730 /* PBXTargetDependency */,
			);
			name = UVTUITests;
			productName = UVTUITests;
			productReference = 0FC6AD68288E0C5000A49730 /* UVTUITests.xctest */;
			productType = "com.apple.product-type.bundle.ui-testing";
		};
/* End PBXNativeTarget section */

/* Begin PBXProject section */
		0FC6AD40288E0C4D00A49730 /* Project object */ = {
			isa = PBXProject;
			attributes = {
				BuildIndependentTargetsInParallel = 1;
				LastSwiftUpdateCheck = 1340;
				LastUpgradeCheck = 1340;
				TargetAttributes = {
					0F23A61F28AF216500011550 = {
						CreatedOnToolsVersion = 13.4.1;
						TestTargetID = 0FC6AD47288E0C4D00A49730;
					};
					0FC6AD47288E0C4D00A49730 = {
						CreatedOnToolsVersion = 13.4.1;
					};
					0FC6AD67288E0C5000A49730 = {
						CreatedOnToolsVersion = 13.4.1;
						TestTargetID = 0FC6AD47288E0C4D00A49730;
					};
				};
			};
			buildConfigurationList = 0FC6AD43288E0C4D00A49730 /* Build configuration list for PBXProject "UVT" */;
			compatibilityVersion = "Xcode 13.0";
			developmentRegion = en;
			hasScannedForEncodings = 0;
			knownRegions = (
				en,
				Base,
			);
			mainGroup = 0FC6AD3F288E0C4D00A49730;
			productRefGroup = 0FC6AD49288E0C4D00A49730 /* Products */;
			projectDirPath = "";
			projectRoot = "";
			targets = (
				0FC6AD47288E0C4D00A49730 /* UVT */,
				0FC6AD67288E0C5000A49730 /* UVTUITests */,
				0F23A61F28AF216500011550 /* UVTTests */,
			);
		};
/* End PBXProject section */

/* Begin PBXResourcesBuildPhase section */
		0F23A61E28AF216500011550 /* Resources */ = {
			isa = PBXResourcesBuildPhase;
			buildActionMask = 2147483647;
			files = (
			);
			runOnlyForDeploymentPostprocessing = 0;
		};
		0FC6AD46288E0C4D00A49730 /* Resources */ = {
			isa = PBXResourcesBuildPhase;
			buildActionMask = 2147483647;
			files = (
				0FC6AD58288E0C5000A49730 /* LaunchScreen.storyboard in Resources */,
				0FC6AD55288E0C5000A49730 /* Assets.xcassets in Resources */,
				0FC6AD53288E0C4D00A49730 /* Main.storyboard in Resources */,
			);
			runOnlyForDeploymentPostprocessing = 0;
		};
		0FC6AD66288E0C5000A49730 /* Resources */ = {
			isa = PBXResourcesBuildPhase;
			buildActionMask = 2147483647;
			files = (
			);
			runOnlyForDeploymentPostprocessing = 0;
		};
/* End PBXResourcesBuildPhase section */

/* Begin PBXShellScriptBuildPhase section */
		0FC6AD7B288E0E6E00A49730 /* ShellScript */ = {
			isa = PBXShellScriptBuildPhase;
			buildActionMask = 2147483647;
			files = (
			);
			inputFileListPaths = (
			);
			inputPaths = (
			);
			outputFileListPaths = (
			);
			outputPaths = (
			);
			runOnlyForDeploymentPostprocessing = 0;
			shellPath = /bin/sh;
			shellScript = "SCRIPT=`/usr/bin/find \"${SRCROOT}\" -name newrelic_postbuild.sh | head -n 1`\n\n/bin/sh \"${SCRIPT}\" echo `bundle exec pod keys get newrelic_token`\n";
		};
		3C48FB6A0D5196998F1C95BF /* [CP] Check Pods Manifest.lock */ = {
			isa = PBXShellScriptBuildPhase;
			buildActionMask = 2147483647;
			files = (
			);
			inputFileListPaths = (
			);
			inputPaths = (
				"${PODS_PODFILE_DIR_PATH}/Podfile.lock",
				"${PODS_ROOT}/Manifest.lock",
			);
			name = "[CP] Check Pods Manifest.lock";
			outputFileListPaths = (
			);
			outputPaths = (
				"$(DERIVED_FILE_DIR)/Pods-UVT-checkManifestLockResult.txt",
			);
			runOnlyForDeploymentPostprocessing = 0;
			shellPath = /bin/sh;
			shellScript = "diff \"${PODS_PODFILE_DIR_PATH}/Podfile.lock\" \"${PODS_ROOT}/Manifest.lock\" > /dev/null\nif [ $? != 0 ] ; then\n    # print error to STDERR\n    echo \"error: The sandbox is not in sync with the Podfile.lock. Run 'pod install' or update your CocoaPods installation.\" >&2\n    exit 1\nfi\n# This output is used by Xcode 'outputs' to avoid re-running this script phase.\necho \"SUCCESS\" > \"${SCRIPT_OUTPUT_FILE_0}\"\n";
			showEnvVarsInLog = 0;
		};
		570C8188FF1C7FFB82F4F0F1 /* [CP] Embed Pods Frameworks */ = {
			isa = PBXShellScriptBuildPhase;
			buildActionMask = 2147483647;
			files = (
			);
			inputFileListPaths = (
				"${PODS_ROOT}/Target Support Files/Pods-UVT/Pods-UVT-frameworks-${CONFIGURATION}-input-files.xcfilelist",
			);
			name = "[CP] Embed Pods Frameworks";
			outputFileListPaths = (
				"${PODS_ROOT}/Target Support Files/Pods-UVT/Pods-UVT-frameworks-${CONFIGURATION}-output-files.xcfilelist",
			);
			runOnlyForDeploymentPostprocessing = 0;
			shellPath = /bin/sh;
			shellScript = "\"${PODS_ROOT}/Target Support Files/Pods-UVT/Pods-UVT-frameworks.sh\"\n";
			showEnvVarsInLog = 0;
		};
/* End PBXShellScriptBuildPhase section */

/* Begin PBXSourcesBuildPhase section */
		0F23A61C28AF216500011550 /* Sources */ = {
			isa = PBXSourcesBuildPhase;
			buildActionMask = 2147483647;
			files = (
				0F23A62A28AF227E00011550 /* UVTTests.swift in Sources */,
			);
			runOnlyForDeploymentPostprocessing = 0;
		};
		0FC6AD44288E0C4D00A49730 /* Sources */ = {
			isa = PBXSourcesBuildPhase;
			buildActionMask = 2147483647;
			files = (
				0F19CA372899FD9E00D48752 /* CopperPair.swift in Sources */,
				0FC6AD50288E0C4D00A49730 /* HomeViewController.swift in Sources */,
				0FC6AD4C288E0C4D00A49730 /* AppDelegate.swift in Sources */,
				0F80E6F228B426D10026783F /* CopperPairCalcViewController.swift in Sources */,
				0F2C52FB2894A87C00B37052 /* StaticIPViewController+Main.swift in Sources */,
				0FED6AFB289208DF004F8630 /* ImageViewController.swift in Sources */,
				0F2C52FD2894B87400B37052 /* StaticIPViewController+IPInfo.swift in Sources */,
				0FC6AD4E288E0C4D00A49730 /* SceneDelegate.swift in Sources */,
				0FED6AFF2892185F004F8630 /* IPInfo.swift in Sources */,
				0FED6AF9289201E0004F8630 /* Icons8.swift in Sources */,
				0F2C52FF2894C40D00B37052 /* StaticIPViewController+Ins.swift in Sources */,
				0FED6AFD289217EB004F8630 /* IPAddress.swift in Sources */,
				0FE22AEC28935BC800C4D867 /* StaticIPViewController.swift in Sources */,
			);
			runOnlyForDeploymentPostprocessing = 0;
		};
		0FC6AD64288E0C5000A49730 /* Sources */ = {
			isa = PBXSourcesBuildPhase;
			buildActionMask = 2147483647;
			files = (
				0F7E3B22289700CB0059DCBE /* UVTTakeScreenshots.swift in Sources */,
				0FC6AD6F288E0C5000A49730 /* UVTUITestsLaunchTests.swift in Sources */,
				0FC6AD6D288E0C5000A49730 /* UVTUITests.swift in Sources */,
				0F7E3B20289700700059DCBE /* SnapshotHelper.swift in Sources */,
			);
			runOnlyForDeploymentPostprocessing = 0;
		};
/* End PBXSourcesBuildPhase section */

/* Begin PBXTargetDependency section */
		0F23A62528AF216500011550 /* PBXTargetDependency */ = {
			isa = PBXTargetDependency;
			target = 0FC6AD47288E0C4D00A49730 /* UVT */;
			targetProxy = 0F23A62428AF216500011550 /* PBXContainerItemProxy */;
		};
		0FC6AD6A288E0C5000A49730 /* PBXTargetDependency */ = {
			isa = PBXTargetDependency;
			target = 0FC6AD47288E0C4D00A49730 /* UVT */;
			targetProxy = 0FC6AD69288E0C5000A49730 /* PBXContainerItemProxy */;
		};
/* End PBXTargetDependency section */

/* Begin PBXVariantGroup section */
		0FC6AD51288E0C4D00A49730 /* Main.storyboard */ = {
			isa = PBXVariantGroup;
			children = (
				0FC6AD52288E0C4D00A49730 /* Base */,
			);
			name = Main.storyboard;
			sourceTree = "<group>";
		};
		0FC6AD56288E0C5000A49730 /* LaunchScreen.storyboard */ = {
			isa = PBXVariantGroup;
			children = (
				0FC6AD57288E0C5000A49730 /* Base */,
			);
			name = LaunchScreen.storyboard;
			sourceTree = "<group>";
		};
/* End PBXVariantGroup section */

/* Begin XCBuildConfiguration section */
		0F23A62728AF216500011550 /* Debug */ = {
			isa = XCBuildConfiguration;
			buildSettings = {
				BUNDLE_LOADER = "$(TEST_HOST)";
				CODE_SIGN_STYLE = Automatic;
				CURRENT_PROJECT_VERSION = 3;
				DEVELOPMENT_TEAM = 2T42Z3DM34;
				GENERATE_INFOPLIST_FILE = YES;
				MARKETING_VERSION = 1.0;
				PRODUCT_BUNDLE_IDENTIFIER = net.justinkumpe.apps.jkuvt.UVTTests;
				PRODUCT_NAME = "$(TARGET_NAME)";
				SWIFT_EMIT_LOC_STRINGS = NO;
				SWIFT_VERSION = 5.0;
				TARGETED_DEVICE_FAMILY = "1,2";
				TEST_HOST = "$(BUILT_PRODUCTS_DIR)/UVT.app/UVT";
			};
			name = Debug;
		};
		0F23A62828AF216500011550 /* Release */ = {
			isa = XCBuildConfiguration;
			buildSettings = {
				BUNDLE_LOADER = "$(TEST_HOST)";
				CODE_SIGN_STYLE = Automatic;
				CURRENT_PROJECT_VERSION = 3;
				DEVELOPMENT_TEAM = 2T42Z3DM34;
				GENERATE_INFOPLIST_FILE = YES;
				MARKETING_VERSION = 1.0;
				PRODUCT_BUNDLE_IDENTIFIER = net.justinkumpe.apps.jkuvt.UVTTests;
				PRODUCT_NAME = "$(TARGET_NAME)";
				SWIFT_EMIT_LOC_STRINGS = NO;
				SWIFT_VERSION = 5.0;
				TARGETED_DEVICE_FAMILY = "1,2";
				TEST_HOST = "$(BUILT_PRODUCTS_DIR)/UVT.app/UVT";
			};
			name = Release;
		};
		0FC6AD70288E0C5000A49730 /* Debug */ = {
			isa = XCBuildConfiguration;
			buildSettings = {
				ALWAYS_SEARCH_USER_PATHS = NO;
				CLANG_ANALYZER_NONNULL = YES;
				CLANG_ANALYZER_NUMBER_OBJECT_CONVERSION = YES_AGGRESSIVE;
				CLANG_CXX_LANGUAGE_STANDARD = "gnu++17";
				CLANG_ENABLE_MODULES = YES;
				CLANG_ENABLE_OBJC_ARC = YES;
				CLANG_ENABLE_OBJC_WEAK = YES;
				CLANG_WARN_BLOCK_CAPTURE_AUTORELEASING = YES;
				CLANG_WARN_BOOL_CONVERSION = YES;
				CLANG_WARN_COMMA = YES;
				CLANG_WARN_CONSTANT_CONVERSION = YES;
				CLANG_WARN_DEPRECATED_OBJC_IMPLEMENTATIONS = YES;
				CLANG_WARN_DIRECT_OBJC_ISA_USAGE = YES_ERROR;
				CLANG_WARN_DOCUMENTATION_COMMENTS = YES;
				CLANG_WARN_EMPTY_BODY = YES;
				CLANG_WARN_ENUM_CONVERSION = YES;
				CLANG_WARN_INFINITE_RECURSION = YES;
				CLANG_WARN_INT_CONVERSION = YES;
				CLANG_WARN_NON_LITERAL_NULL_CONVERSION = YES;
				CLANG_WARN_OBJC_IMPLICIT_RETAIN_SELF = YES;
				CLANG_WARN_OBJC_LITERAL_CONVERSION = YES;
				CLANG_WARN_OBJC_ROOT_CLASS = YES_ERROR;
				CLANG_WARN_QUOTED_INCLUDE_IN_FRAMEWORK_HEADER = YES;
				CLANG_WARN_RANGE_LOOP_ANALYSIS = YES;
				CLANG_WARN_STRICT_PROTOTYPES = YES;
				CLANG_WARN_SUSPICIOUS_MOVE = YES;
				CLANG_WARN_UNGUARDED_AVAILABILITY = YES_AGGRESSIVE;
				CLANG_WARN_UNREACHABLE_CODE = YES;
				CLANG_WARN__DUPLICATE_METHOD_MATCH = YES;
				COPY_PHASE_STRIP = NO;
				DEBUG_INFORMATION_FORMAT = dwarf;
				ENABLE_STRICT_OBJC_MSGSEND = YES;
				ENABLE_TESTABILITY = YES;
				GCC_C_LANGUAGE_STANDARD = gnu11;
				GCC_DYNAMIC_NO_PIC = NO;
				GCC_NO_COMMON_BLOCKS = YES;
				GCC_OPTIMIZATION_LEVEL = 0;
				GCC_PREPROCESSOR_DEFINITIONS = (
					"DEBUG=1",
					"$(inherited)",
				);
				GCC_WARN_64_TO_32_BIT_CONVERSION = YES;
				GCC_WARN_ABOUT_RETURN_TYPE = YES_ERROR;
				GCC_WARN_UNDECLARED_SELECTOR = YES;
				GCC_WARN_UNINITIALIZED_AUTOS = YES_AGGRESSIVE;
				GCC_WARN_UNUSED_FUNCTION = YES;
				GCC_WARN_UNUSED_VARIABLE = YES;
				IPHONEOS_DEPLOYMENT_TARGET = 15.5;
				MTL_ENABLE_DEBUG_INFO = INCLUDE_SOURCE;
				MTL_FAST_MATH = YES;
				ONLY_ACTIVE_ARCH = YES;
				SDKROOT = iphoneos;
				SWIFT_ACTIVE_COMPILATION_CONDITIONS = DEBUG;
				SWIFT_OPTIMIZATION_LEVEL = "-Onone";
			};
			name = Debug;
		};
		0FC6AD71288E0C5000A49730 /* Release */ = {
			isa = XCBuildConfiguration;
			buildSettings = {
				ALWAYS_SEARCH_USER_PATHS = NO;
				CLANG_ANALYZER_NONNULL = YES;
				CLANG_ANALYZER_NUMBER_OBJECT_CONVERSION = YES_AGGRESSIVE;
				CLANG_CXX_LANGUAGE_STANDARD = "gnu++17";
				CLANG_ENABLE_MODULES = YES;
				CLANG_ENABLE_OBJC_ARC = YES;
				CLANG_ENABLE_OBJC_WEAK = YES;
				CLANG_WARN_BLOCK_CAPTURE_AUTORELEASING = YES;
				CLANG_WARN_BOOL_CONVERSION = YES;
				CLANG_WARN_COMMA = YES;
				CLANG_WARN_CONSTANT_CONVERSION = YES;
				CLANG_WARN_DEPRECATED_OBJC_IMPLEMENTATIONS = YES;
				CLANG_WARN_DIRECT_OBJC_ISA_USAGE = YES_ERROR;
				CLANG_WARN_DOCUMENTATION_COMMENTS = YES;
				CLANG_WARN_EMPTY_BODY = YES;
				CLANG_WARN_ENUM_CONVERSION = YES;
				CLANG_WARN_INFINITE_RECURSION = YES;
				CLANG_WARN_INT_CONVERSION = YES;
				CLANG_WARN_NON_LITERAL_NULL_CONVERSION = YES;
				CLANG_WARN_OBJC_IMPLICIT_RETAIN_SELF = YES;
				CLANG_WARN_OBJC_LITERAL_CONVERSION = YES;
				CLANG_WARN_OBJC_ROOT_CLASS = YES_ERROR;
				CLANG_WARN_QUOTED_INCLUDE_IN_FRAMEWORK_HEADER = YES;
				CLANG_WARN_RANGE_LOOP_ANALYSIS = YES;
				CLANG_WARN_STRICT_PROTOTYPES = YES;
				CLANG_WARN_SUSPICIOUS_MOVE = YES;
				CLANG_WARN_UNGUARDED_AVAILABILITY = YES_AGGRESSIVE;
				CLANG_WARN_UNREACHABLE_CODE = YES;
				CLANG_WARN__DUPLICATE_METHOD_MATCH = YES;
				COPY_PHASE_STRIP = NO;
				DEBUG_INFORMATION_FORMAT = "dwarf-with-dsym";
				ENABLE_NS_ASSERTIONS = NO;
				ENABLE_STRICT_OBJC_MSGSEND = YES;
				GCC_C_LANGUAGE_STANDARD = gnu11;
				GCC_NO_COMMON_BLOCKS = YES;
				GCC_WARN_64_TO_32_BIT_CONVERSION = YES;
				GCC_WARN_ABOUT_RETURN_TYPE = YES_ERROR;
				GCC_WARN_UNDECLARED_SELECTOR = YES;
				GCC_WARN_UNINITIALIZED_AUTOS = YES_AGGRESSIVE;
				GCC_WARN_UNUSED_FUNCTION = YES;
				GCC_WARN_UNUSED_VARIABLE = YES;
				IPHONEOS_DEPLOYMENT_TARGET = 15.5;
				MTL_ENABLE_DEBUG_INFO = NO;
				MTL_FAST_MATH = YES;
				SDKROOT = iphoneos;
				SWIFT_COMPILATION_MODE = wholemodule;
				SWIFT_OPTIMIZATION_LEVEL = "-O";
				VALIDATE_PRODUCT = YES;
			};
			name = Release;
		};
		0FC6AD73288E0C5000A49730 /* Debug */ = {
			isa = XCBuildConfiguration;
			baseConfigurationReference = DB5D0F9433A1BBE1E0E82512 /* Pods-UVT.debug.xcconfig */;
			buildSettings = {
				ASSETCATALOG_COMPILER_APPICON_NAME = AppIcon;
				ASSETCATALOG_COMPILER_GLOBAL_ACCENT_COLOR_NAME = AccentColor;
				CODE_SIGN_IDENTITY = "iPhone Developer";
				CODE_SIGN_STYLE = Manual;
				CURRENT_PROJECT_VERSION = 3;
				DEVELOPMENT_TEAM = 2T42Z3DM34;
				GCC_SYMBOLS_PRIVATE_EXTERN = NO;
				GENERATE_INFOPLIST_FILE = YES;
				INFOPLIST_FILE = UVT/Info.plist;
				INFOPLIST_KEY_UIApplicationSupportsIndirectInputEvents = YES;
				INFOPLIST_KEY_UILaunchStoryboardName = LaunchScreen;
				INFOPLIST_KEY_UIMainStoryboardFile = Main;
				INFOPLIST_KEY_UISupportedInterfaceOrientations_iPad = "UIInterfaceOrientationPortrait UIInterfaceOrientationPortraitUpsideDown UIInterfaceOrientationLandscapeLeft UIInterfaceOrientationLandscapeRight";
				INFOPLIST_KEY_UISupportedInterfaceOrientations_iPhone = "UIInterfaceOrientationPortrait UIInterfaceOrientationLandscapeLeft UIInterfaceOrientationLandscapeRight";
				IPHONEOS_DEPLOYMENT_TARGET = 15.0;
				LD_RUNPATH_SEARCH_PATHS = (
					"$(inherited)",
					"@executable_path/Frameworks",
				);
				MARKETING_VERSION = 10.0.1;
				PRODUCT_BUNDLE_IDENTIFIER = net.justinkumpe.apps.jkuvt;
				PRODUCT_NAME = "$(TARGET_NAME)";
				PROVISIONING_PROFILE_SPECIFIER = "match Development net.justinkumpe.apps.jkuvt";
				SWIFT_EMIT_LOC_STRINGS = YES;
				SWIFT_VERSION = 5.0;
				TARGETED_DEVICE_FAMILY = "1,2";
			};
			name = Debug;
		};
		0FC6AD74288E0C5000A49730 /* Release */ = {
			isa = XCBuildConfiguration;
			baseConfigurationReference = 6C7E705F62D878BB972FB142 /* Pods-UVT.release.xcconfig */;
			buildSettings = {
				ASSETCATALOG_COMPILER_APPICON_NAME = AppIcon;
				ASSETCATALOG_COMPILER_GLOBAL_ACCENT_COLOR_NAME = AccentColor;
				CODE_SIGN_IDENTITY = "iPhone Distribution";
				CODE_SIGN_STYLE = Manual;
				CURRENT_PROJECT_VERSION = 3;
				DEVELOPMENT_TEAM = 2T42Z3DM34;
				GCC_SYMBOLS_PRIVATE_EXTERN = NO;
				GENERATE_INFOPLIST_FILE = YES;
				INFOPLIST_FILE = UVT/Info.plist;
				INFOPLIST_KEY_UIApplicationSupportsIndirectInputEvents = YES;
				INFOPLIST_KEY_UILaunchStoryboardName = LaunchScreen;
				INFOPLIST_KEY_UIMainStoryboardFile = Main;
				INFOPLIST_KEY_UISupportedInterfaceOrientations_iPad = "UIInterfaceOrientationPortrait UIInterfaceOrientationPortraitUpsideDown UIInterfaceOrientationLandscapeLeft UIInterfaceOrientationLandscapeRight";
				INFOPLIST_KEY_UISupportedInterfaceOrientations_iPhone = "UIInterfaceOrientationPortrait UIInterfaceOrientationLandscapeLeft UIInterfaceOrientationLandscapeRight";
				IPHONEOS_DEPLOYMENT_TARGET = 15.0;
				LD_RUNPATH_SEARCH_PATHS = (
					"$(inherited)",
					"@executable_path/Frameworks",
				);
				MARKETING_VERSION = 10.0.1;
				PRODUCT_BUNDLE_IDENTIFIER = net.justinkumpe.apps.jkuvt;
				PRODUCT_NAME = "$(TARGET_NAME)";
				PROVISIONING_PROFILE_SPECIFIER = "match AppStore net.justinkumpe.apps.jkuvt";
				SWIFT_EMIT_LOC_STRINGS = YES;
				SWIFT_VERSION = 5.0;
				TARGETED_DEVICE_FAMILY = "1,2";
			};
			name = Release;
		};
		0FC6AD79288E0C5000A49730 /* Debug */ = {
			isa = XCBuildConfiguration;
			buildSettings = {
				ALWAYS_EMBED_SWIFT_STANDARD_LIBRARIES = YES;
				CODE_SIGN_STYLE = Automatic;
				CURRENT_PROJECT_VERSION = 3;
				DEVELOPMENT_TEAM = 2T42Z3DM34;
				GENERATE_INFOPLIST_FILE = YES;
				MARKETING_VERSION = 1.0;
				PRODUCT_BUNDLE_IDENTIFIER = net.justinkumpe.apps.UVTUITests;
				PRODUCT_NAME = "$(TARGET_NAME)";
				SWIFT_EMIT_LOC_STRINGS = NO;
				SWIFT_VERSION = 5.0;
				TARGETED_DEVICE_FAMILY = "1,2";
				TEST_TARGET_NAME = UVT;
			};
			name = Debug;
		};
		0FC6AD7A288E0C5000A49730 /* Release */ = {
			isa = XCBuildConfiguration;
			buildSettings = {
				ALWAYS_EMBED_SWIFT_STANDARD_LIBRARIES = YES;
				CODE_SIGN_STYLE = Automatic;
				CURRENT_PROJECT_VERSION = 3;
				DEVELOPMENT_TEAM = 2T42Z3DM34;
				GENERATE_INFOPLIST_FILE = YES;
				MARKETING_VERSION = 1.0;
				PRODUCT_BUNDLE_IDENTIFIER = net.justinkumpe.apps.UVTUITests;
				PRODUCT_NAME = "$(TARGET_NAME)";
				SWIFT_EMIT_LOC_STRINGS = NO;
				SWIFT_VERSION = 5.0;
				TARGETED_DEVICE_FAMILY = "1,2";
				TEST_TARGET_NAME = UVT;
			};
			name = Release;
		};
/* End XCBuildConfiguration section */

/* Begin XCConfigurationList section */
		0F23A62628AF216500011550 /* Build configuration list for PBXNativeTarget "UVTTests" */ = {
			isa = XCConfigurationList;
			buildConfigurations = (
				0F23A62728AF216500011550 /* Debug */,
				0F23A62828AF216500011550 /* Release */,
			);
			defaultConfigurationIsVisible = 0;
			defaultConfigurationName = Release;
		};
		0FC6AD43288E0C4D00A49730 /* Build configuration list for PBXProject "UVT" */ = {
			isa = XCConfigurationList;
			buildConfigurations = (
				0FC6AD70288E0C5000A49730 /* Debug */,
				0FC6AD71288E0C5000A49730 /* Release */,
			);
			defaultConfigurationIsVisible = 0;
			defaultConfigurationName = Release;
		};
		0FC6AD72288E0C5000A49730 /* Build configuration list for PBXNativeTarget "UVT" */ = {
			isa = XCConfigurationList;
			buildConfigurations = (
				0FC6AD73288E0C5000A49730 /* Debug */,
				0FC6AD74288E0C5000A49730 /* Release */,
			);
			defaultConfigurationIsVisible = 0;
			defaultConfigurationName = Release;
		};
		0FC6AD78288E0C5000A49730 /* Build configuration list for PBXNativeTarget "UVTUITests" */ = {
			isa = XCConfigurationList;
			buildConfigurations = (
				0FC6AD79288E0C5000A49730 /* Debug */,
				0FC6AD7A288E0C5000A49730 /* Release */,
			);
			defaultConfigurationIsVisible = 0;
			defaultConfigurationName = Release;
		};
/* End XCConfigurationList section */
	};
	rootObject = 0FC6AD40288E0C4D00A49730 /* Project object */;
}
